
Microsoft Visual Studio Solution File, Format Version 12.00
# Visual Studio Version 17
VisualStudioVersion = 17.11.35312.102
MinimumVisualStudioVersion = 10.0.40219.1
Project("{8BC9CEB8-8B4A-11D0-8D11-00A0C91BC942}") = "homework2_3.17", "homework2_3.17\homework2_3.17.vcxproj", "{4B3CDD1A-391B-49ED-AC7C-61951ECE0EAF}"
EndProject
Global
	GlobalSection(SolutionConfigurationPlatforms) = preSolution
		Debug|x64 = Debug|x64
		Debug|x86 = Debug|x86
		Release|x64 = Release|x64
		Release|x86 = Release|x86
	EndGlobalSection
	GlobalSection(ProjectConfigurationPlatforms) = postSolution
		{4B3CDD1A-391B-49ED-AC7C-61951ECE0EAF}.Debug|x64.ActiveCfg = Debug|x64
		{4B3CDD1A-391B-49ED-AC7C-61951ECE0EAF}.Debug|x64.Build.0 = Debug|x64
		{4B3CDD1A-391B-49ED-AC7C-61951ECE0EAF}.Debug|x86.ActiveCfg = Debug|Win32
		{4B3CDD1A-391B-49ED-AC7C-61951ECE0EAF}.Debug|x86.Build.0 = Debug|Win32
		{4B3CDD1A-391B-49ED-AC7C-61951ECE0EAF}.Release|x64.ActiveCfg = Release|x64
		{4B3CDD1A-391B-49ED-AC7C-61951ECE0EAF}.Release|x64.Build.0 = Release|x64
		{4B3CDD1A-391B-49ED-AC7C-61951ECE0EAF}.Release|x86.ActiveCfg = Release|Win32
		{4B3CDD1A-391B-49ED-AC7C-61951ECE0EAF}.Release|x86.Build.0 = Release|Win32
	EndGlobalSection
	GlobalSection(SolutionProperties) = preSolution
		HideSolutionNode = FALSE
	EndGlobalSection
	GlobalSection(ExtensibilityGlobals) = postSolution
		SolutionGuid = {03FBB6FA-DEAF-4114-8F91-07B6C83CCF1A}
	EndGlobalSection
EndGlobal
